
Microsoft Visual Studio Solution File, Format Version 12.00
# Visual Studio Version 17
VisualStudioVersion = 17.11.35312.102
MinimumVisualStudioVersion = 10.0.40219.1
Project("{FAE04EC0-301F-11D3-BF4B-00C04F79EFBC}") = "P_Fun_Forms", "P_Fun_Forms.csproj", "{DA3F1A13-CC44-4E9F-B265-FF40B96D3232}"
EndProject
Global
	GlobalSection(SolutionConfigurationPlatforms) = preSolution
		Debug|Any CPU = Debug|Any CPU
		Release|Any CPU = Release|Any CPU
	EndGlobalSection
	GlobalSection(ProjectConfigurationPlatforms) = postSolution
		{DA3F1A13-CC44-4E9F-B265-FF40B96D3232}.Debug|Any CPU.ActiveCfg = Debug|Any CPU
		{DA3F1A13-CC44-4E9F-B265-FF40B96D3232}.Debug|Any CPU.Build.0 = Debug|Any CPU
		{DA3F1A13-CC44-4E9F-B265-FF40B96D3232}.Release|Any CPU.ActiveCfg = Release|Any CPU
		{DA3F1A13-CC44-4E9F-B265-FF40B96D3232}.Release|Any CPU.Build.0 = Release|Any CPU
	EndGlobalSection
	GlobalSection(SolutionProperties) = preSolution
		HideSolutionNode = FALSE
	EndGlobalSection
	GlobalSection(ExtensibilityGlobals) = postSolution
		SolutionGuid = {1F34259B-E12D-42FC-8F9E-1D2B48D72D2F}
	EndGlobalSection
EndGlobal
